<Solution>
  <Folder Name="/Solution Items/">
    <File Path=".editorconfig" />
    <File Path=".gitattributes" />
    <File Path=".gitignore" />
    <File Path=".mcp.json" />
    <File Path="AGENTS.MD" />
    <File Path="Directory.Build.props" />
    <File Path="Directory.Build.targets" />
    <File Path="Directory.Packages.props" />
    <File Path="FocusTemplate.sln.DotSettings" />
    <File Path="global.json" />
    <File Path="nuget.config" />
    <File Path="stylecop.json" />
  </Folder>
  <Project Path="src/FocusTemplate.Api/FocusTemplate.Api.csproj" />
  <Project Path="src/FocusTemplate.AppHost/FocusTemplate.AppHost.csproj" Id="3dbf55d3-63b4-4f1b-a28b-c7313289b89f" />
  <Project Path="src/FocusTemplate.ServiceDefaults/FocusTemplate.ServiceDefaults.csproj" Id="b487fad3-efd6-44f0-ad27-6e19ecab0715" />
  <Project Path="src/FocusTemplate.Shared/FocusTemplate.Shared.csproj" />
  <Project Path="src/FocusTemplate.Web/FocusTemplate.Web.csproj" />
  <Project Path="src/FocusTemplate.Web.Bff/FocusTemplate.Web.Bff.csproj" />
  <Project Path="src/FocusTemplate.Web.ClientServiceDefaults/FocusTemplate.Web.ClientServiceDefaults.csproj" />
  <Project Path="tests/FocusTemplate.Api.IntegrationTests/FocusTemplate.Api.IntegrationTests.csproj" />
  <Project Path="tests/FocusTemplate.Web.E2E/FocusTemplate.Web.E2E.csproj" />
</Solution>
