<Solution>
  <Folder Name="/_global/">
    <File Path=".editorconfig" />
    <File Path=".gitattributes" />
    <File Path=".gitignore" />
    <File Path=".mcp.json" />
    <File Path="AGENTS.MD" />
    <File Path="Directory.Build.props" />
    <File Path="Directory.Build.targets" />
    <File Path="Directory.Packages.props" />
    <File Path="FocusTemplate.sln.DotSettings" />
    <File Path="global.json" />
    <File Path="nuget.config" />
    <File Path="stylecop.json" />
    <File Path="package.json" />
  </Folder>
  <Folder Name="/admin/">
    <Project Path="src/admin/FocusTemplate.Admin.Api/FocusTemplate.Admin.Api.csproj" />
    <Project Path="src/admin/FocusTemplate.Admin.Web.Bff/FocusTemplate.Admin.Web.Bff.csproj" />
    <Project Path="src/admin/FocusTemplate.Admin.Client/FocusTemplate.Admin.Client.csproj" />
    <Project Path="src/admin/FocusTemplate.Admin.Shared/FocusTemplate.Admin.Shared.csproj" />
    <Project Path="src/admin/FocusTemplate.Admin.Web.ClientServiceDefaults/FocusTemplate.Admin.Web.ClientServiceDefaults.csproj" />
    <Project Path="src/admin/FocusTemplate.Admin.Web/FocusTemplate.Admin.Web.csproj" />
  </Folder>
  <Folder Name="/tests/">
    <Project Path="tests/FocusTemplate.Admin.Api.IntegrationTests/FocusTemplate.Admin.Api.IntegrationTests.csproj" />
    <Project Path="tests/FocusTemplate.Admin.Web.E2E/FocusTemplate.Admin.Web.E2E.csproj" />
    <Project Path="tests/FocusTemplate.Public.Mobile.E2E/FocusTemplate.Public.Mobile.E2E.csproj" />
  </Folder>
  <Folder Name="/public/">
    <Project Path="src/public/FocusTemplate.Public.Api/FocusTemplate.Public.Api.csproj" />
    <Project Path="src/public/FocusTemplate.Public.Client/FocusTemplate.Public.Client.csproj" />
    <Project Path="src/public/FocusTemplate.Public.Mobile.ServiceDefaults/FocusTemplate.Public.Mobile.ServiceDefaults.csproj" />
    <Project Path="src/public/FocusTemplate.Public.Mobile/FocusTemplate.Public.Mobile.csproj" />
    <Project Path="src/public/FocusTemplate.Public.Shared/FocusTemplate.Public.Shared.csproj" />
  </Folder>
  <Project Path="src/FocusTemplate.AppHost/FocusTemplate.AppHost.csproj" Id="3dbf55d3-63b4-4f1b-a28b-c7313289b89f" />
  <Project Path="src/FocusTemplate.Data/FocusTemplate.Data.csproj" />
  <Project Path="src/FocusTemplate.ServiceDefaults/FocusTemplate.ServiceDefaults.csproj" Id="b487fad3-efd6-44f0-ad27-6e19ecab0715" />
</Solution>
