{
  "version": 2,
  "dependencies": {
    "net11.0": {
      "Microsoft.AspNetCore.Components.WebAssembly": {
        "type": "Direct",
        "requested": "[11.0.0-preview.5.26302.115, )",
        "resolved": "11.0.0-preview.5.26302.115",
        "contentHash": "YNaXvXYEn/IiiUpqp3g83QZQpf08oNRE0oziNPqAcST40/YCMM2PmHg3EYyvJh8UpZ3iV/2dB8ZKeXpnpCFnEQ==",
        "dependencies": {
          "Microsoft.AspNetCore.Components.Web": "11.0.0-preview.5.26302.115",
          "Microsoft.Extensions.Configuration.Binder": "11.0.0-preview.5.26302.115",
          "Microsoft.Extensions.Configuration.EnvironmentVariables": "11.0.0-preview.5.26302.115",
          "Microsoft.Extensions.Configuration.Json": "11.0.0-preview.5.26302.115",
          "Microsoft.Extensions.Diagnostics": "11.0.0-preview.5.26302.115",
          "Microsoft.Extensions.Logging": "11.0.0-preview.5.26302.115",
          "Microsoft.JSInterop.WebAssembly": "11.0.0-preview.5.26302.115"
        }
      },
      "Microsoft.Extensions.Http.Resilience": {
        "type": "Direct",
        "requested": "[10.7.0, )",
        "resolved": "10.7.0",
        "contentHash": "3Lip0MkBVPtqU1wCM2M2Y8CzsqxA1BanVNMV9LQYMTwBgy25NDe6U9nSk6SfmsxXlh77iwSQuPsyjt5mxrOGmQ==",
        "dependencies": {
          "Microsoft.Extensions.Http.Diagnostics": "10.7.0",
          "Microsoft.Extensions.ObjectPool": "10.0.9",
          "Microsoft.Extensions.Resilience": "10.7.0"
        }
      },
      "Microsoft.Extensions.ServiceDiscovery": {
        "type": "Direct",
        "requested": "[10.7.0, )",
        "resolved": "10.7.0",
        "contentHash": "UgBfP98NmKDjx/2jbLGkckSlc8XG4ubkjPrqACE2i9LPmrgoYGWTh9snybRUGBm0sTchsq3on81XRxfvX+XC5g==",
        "dependencies": {
          "Microsoft.Extensions.Http": "10.0.9",
          "Microsoft.Extensions.ServiceDiscovery.Abstractions": "10.7.0"
        }
      },
      "OpenTelemetry.Exporter.OpenTelemetryProtocol": {
        "type": "Direct",
        "requested": "[1.16.0, )",
        "resolved": "1.16.0",
        "contentHash": "gzYLY8sVDY5FYtVlCYSzBYX53xslRlvBLxwFYOdNIhc76SgKdFYUoDQXOeQI3WPBCrZp51QNcP6fZHh1+HtpIQ==",
        "dependencies": {
          "OpenTelemetry": "1.16.0"
        }
      },
      "OpenTelemetry.Extensions.Hosting": {
        "type": "Direct",
        "requested": "[1.16.0, )",
        "resolved": "1.16.0",
        "contentHash": "/YfrO5MRaA156vhNanYGPX2JjOwKUrA0+Jf7ltT2eD3VkfHqXcEJY5Oxt/nWH8lqBOTc1nJpn2soBtD5Cml8Dg==",
        "dependencies": {
          "OpenTelemetry": "1.16.0"
        }
      },
      "OpenTelemetry.Instrumentation.Http": {
        "type": "Direct",
        "requested": "[1.16.0, )",
        "resolved": "1.16.0",
        "contentHash": "+Sz3lfvMXwWE8s/sMruHCDlO/+cArFVc6oBg1tCb70BKlL9FCC7uK4Ar2/VP9Hhwvs+UwaW1vGzE/uiByVHXiA==",
        "dependencies": {
          "Microsoft.Extensions.Configuration": "10.0.0",
          "OpenTelemetry.Api.ProviderBuilderExtensions": "[1.16.0, 2.0.0)"
        }
      },
      "StyleCop.Analyzers": {
        "type": "Direct",
        "requested": "[1.2.0-beta.556, )",
        "resolved": "1.2.0-beta.556",
        "contentHash": "llRPgmA1fhC0I0QyFLEcjvtM2239QzKr/tcnbsjArLMJxJlu0AA5G7Fft0OI30pHF3MW63Gf4aSSsjc5m82J1Q==",
        "dependencies": {
          "StyleCop.Analyzers.Unstable": "1.2.0.556"
        }
      },
      "Microsoft.AspNetCore.Authorization": {
        "type": "Transitive",
        "resolved": "11.0.0-preview.5.26302.115",
        "contentHash": "riMTnQQxoRXxNbqlhmWDpidRfFCA60vyZ4jDaSaUdviv3YIMHZ5n9KKazyNuxjuH2CqkU60UJ6fnR4+2LQmmDA==",
        "dependencies": {
          "Microsoft.AspNetCore.Metadata": "11.0.0-preview.5.26302.115",
          "Microsoft.Extensions.Diagnostics": "11.0.0-preview.5.26302.115"
        }
      },
      "Microsoft.AspNetCore.Components": {
        "type": "Transitive",
        "resolved": "11.0.0-preview.5.26302.115",
        "contentHash": "i+V1THS6kHzcFk0TwSeiQB3xMdjtB6e0nXN0wPkmT4kvBckBWXormVhMtDsKHSpDlepGZPK4sg0moSpZ4pcfDQ==",
        "dependencies": {
          "Microsoft.AspNetCore.Authorization": "11.0.0-preview.5.26302.115",
          "Microsoft.AspNetCore.Components.Analyzers": "11.0.0-preview.5.26302.115"
        }
      },
      "Microsoft.AspNetCore.Components.Analyzers": {
        "type": "Transitive",
        "resolved": "11.0.0-preview.5.26302.115",
        "contentHash": "D7NhPYSTgDL6oflSefOTrjpw0odIHGcOS9ayRrAGb1znIHkl/ec9Ng1qfrKYsMurgwrNMuUZINjbslf7rr/eAg=="
      },
      "Microsoft.AspNetCore.Components.Forms": {
        "type": "Transitive",
        "resolved": "11.0.0-preview.5.26302.115",
        "contentHash": "oyXQBxhqQIg89K1y+H70vTMM2/bI6y/0TkNuHWPCBnoyIZaRroMRdvCJR/eyNjICm+bw+YdENRnpyhbb/p84/Q==",
        "dependencies": {
          "Microsoft.AspNetCore.Components": "11.0.0-preview.5.26302.115",
          "Microsoft.Extensions.Validation": "11.0.0-preview.5.26302.115"
        }
      },
      "Microsoft.AspNetCore.Components.Web": {
        "type": "Transitive",
        "resolved": "11.0.0-preview.5.26302.115",
        "contentHash": "HPa2gF5AP+bdU3nOYBb/DnbL4ooWHxlu7rc1tZzAm5LhGJRhzBiLrBvCItl7Rf1l9v3l/t8UCT+YNKC3lvyuUw==",
        "dependencies": {
          "Microsoft.AspNetCore.Components": "11.0.0-preview.5.26302.115",
          "Microsoft.AspNetCore.Components.Forms": "11.0.0-preview.5.26302.115",
          "Microsoft.Extensions.DependencyInjection": "11.0.0-preview.5.26302.115",
          "Microsoft.JSInterop": "11.0.0-preview.5.26302.115"
        }
      },
      "Microsoft.AspNetCore.Metadata": {
        "type": "Transitive",
        "resolved": "11.0.0-preview.5.26302.115",
        "contentHash": "xVGW1cm17HOJ7Bwwsv67elp6qO7beQFyiJvYqLlq93SRdh2obH+CLBXrfY61Ud7YVxEZ5wLl27jQucbJ59sTYQ=="
      },
      "Microsoft.Extensions.AmbientMetadata.Application": {
        "type": "Transitive",
        "resolved": "10.7.0",
        "contentHash": "yZ0818pVYQvUFW/1m+f8A1+lIAeSeQxEOdUCMIC+tqcRRKlqNjKPRKvGHPp8xLRbZBLaHfBtDslJa/sofn7J/Q==",
        "dependencies": {
          "Microsoft.Extensions.Configuration": "10.0.9",
          "Microsoft.Extensions.Options.ConfigurationExtensions": "10.0.9"
        }
      },
      "Microsoft.Extensions.Compliance.Abstractions": {
        "type": "Transitive",
        "resolved": "10.7.0",
        "contentHash": "qbi6lg6dyvydBvpjXeBx3wLPvmgXWn3nwkKBOsgEck6w++BEsBcv8YhdcczME16Oq+a6wkdtna9/qCEkxsNw5A==",
        "dependencies": {
          "Microsoft.Extensions.ObjectPool": "10.0.9"
        }
      },
      "Microsoft.Extensions.Configuration": {
        "type": "Transitive",
        "resolved": "11.0.0-preview.5.26302.115",
        "contentHash": "rRRcEKScN/CuYr15WRzDqONxpQ52EXSSCMWYjG3dXaheKcZkwb172WtPvjH3rQ5mjJfNCFoy38CNAERvcKfgig=="
      },
      "Microsoft.Extensions.Configuration.Binder": {
        "type": "Transitive",
        "resolved": "11.0.0-preview.5.26302.115",
        "contentHash": "QHS547c+SiP/0RYZeAxvBak9JuF9LWJTp2T4Ansix1hIcxa+hoS1hOifHrxoid1uerM7Dy9v2jziFTLJEyszeg==",
        "dependencies": {
          "Microsoft.Extensions.Configuration": "11.0.0-preview.5.26302.115"
        }
      },
      "Microsoft.Extensions.Configuration.EnvironmentVariables": {
        "type": "Transitive",
        "resolved": "11.0.0-preview.5.26302.115",
        "contentHash": "+dR14QW+gkbmxn8R0SPdc2dqpv/rKojyiIL9ac6tI9b9/53NkVvyKaapL4XnE5/iAngHvrFEKkTchDns6XPX3g==",
        "dependencies": {
          "Microsoft.Extensions.Configuration": "11.0.0-preview.5.26302.115"
        }
      },
      "Microsoft.Extensions.Configuration.FileExtensions": {
        "type": "Transitive",
        "resolved": "11.0.0-preview.5.26302.115",
        "contentHash": "asjwf33rcFzsJmDS1ZB4JnV1Usjhe7n32ZCDi5sq/e0tMWBDtjM7q4mDc6HKu7mmZFT5RBfNGYwB9p2I0+eydA==",
        "dependencies": {
          "Microsoft.Extensions.Configuration": "11.0.0-preview.5.26302.115",
          "Microsoft.Extensions.FileProviders.Physical": "11.0.0-preview.5.26302.115"
        }
      },
      "Microsoft.Extensions.Configuration.Json": {
        "type": "Transitive",
        "resolved": "11.0.0-preview.5.26302.115",
        "contentHash": "qvFuqidTSVZq0J4Lf4u9ghTyu/bj9ehBmlltFKjcfNtU62m1zZjq6QyBktxqovcncwyFowEH3c0TdNyMjM4kUA==",
        "dependencies": {
          "Microsoft.Extensions.Configuration": "11.0.0-preview.5.26302.115",
          "Microsoft.Extensions.Configuration.FileExtensions": "11.0.0-preview.5.26302.115"
        }
      },
      "Microsoft.Extensions.DependencyInjection": {
        "type": "Transitive",
        "resolved": "11.0.0-preview.5.26302.115",
        "contentHash": "uAiCrVf8nZC1JDMq4e0kdgXfTmS1frxpnWVP1EacjRTXVZgyzTjirDwRKZOoG/ewsP0MJ0HnGR2ARYQ5X0MgBA=="
      },
      "Microsoft.Extensions.DependencyInjection.AutoActivation": {
        "type": "Transitive",
        "resolved": "10.7.0",
        "contentHash": "WrSK0FGHSjSY4Pg4kd9Du8CUDwrgFTwHH1Y+N7sjyT6RFMU+G3coQ/Uq9PMGdQcy+DVKSMGHjfmWY47ZoYvhNA=="
      },
      "Microsoft.Extensions.Diagnostics": {
        "type": "Transitive",
        "resolved": "11.0.0-preview.5.26302.115",
        "contentHash": "J1fOtumS/mp3XGUQyPUwBl6o7Y3DFd1gSQj8BzMmjBlH74Kr59Sqv80t/a3Zma2GmHliRrS87zIoue5a5dHzzA==",
        "dependencies": {
          "Microsoft.Extensions.Configuration": "11.0.0-preview.5.26302.115",
          "Microsoft.Extensions.Options.ConfigurationExtensions": "11.0.0-preview.5.26302.115"
        }
      },
      "Microsoft.Extensions.Diagnostics.ExceptionSummarization": {
        "type": "Transitive",
        "resolved": "10.7.0",
        "contentHash": "Kc4XbbxtCzvn2P/fKF48xLWPbp3N5DV0MkJlgPJHEb47PUqCJ6kEl/JTKfpmP7QLuwYjx2QxKTdtwXfpjgA6KQ=="
      },
      "Microsoft.Extensions.Features": {
        "type": "Transitive",
        "resolved": "10.0.9",
        "contentHash": "ohU5761fyZq7eSg0nLQMzHvCrGGGmyzgRzAGebHZlQ4D7/9v9uzPYJ/AUYcD5kNSiOWR34Ma4qGgKs0PUPrYZw=="
      },
      "Microsoft.Extensions.FileProviders.Physical": {
        "type": "Transitive",
        "resolved": "11.0.0-preview.5.26302.115",
        "contentHash": "cs1o2oQ4XC+4fD2VdMzYW/ZZq95bN5Dy2UrRVw8aVZfZ93A/Fy6NN/tEMUVx+PxxvGJ3U4foOWC0MocY7V/aBg==",
        "dependencies": {
          "Microsoft.Extensions.FileSystemGlobbing": "11.0.0-preview.5.26302.115"
        }
      },
      "Microsoft.Extensions.FileSystemGlobbing": {
        "type": "Transitive",
        "resolved": "11.0.0-preview.5.26302.115",
        "contentHash": "r06T2D3sxcAb66nhN8m+0WCsRWq+1F9FRjQ6Jpupey9Z9y/MtSgFNCcjNhhaMgwJphmplPj8o90GHsczJ5JsCQ=="
      },
      "Microsoft.Extensions.Http": {
        "type": "Transitive",
        "resolved": "10.0.9",
        "contentHash": "5jdmuLRg1HO7x/v8McOf6ndhkMQWImkRBtJpXM8+xIocXNdLqCItyyFLKusdILc62TDzHuLlqaWoxtOA5FFOPg==",
        "dependencies": {
          "Microsoft.Extensions.Diagnostics": "10.0.9",
          "Microsoft.Extensions.Logging": "10.0.9"
        }
      },
      "Microsoft.Extensions.Http.Diagnostics": {
        "type": "Transitive",
        "resolved": "10.7.0",
        "contentHash": "1m1zdBGW5J8MOxdZpJ5mUqdSaamRrYkpmfnEfeDmlZnglpfgDztcKOBU6cVsmn90AB7Ji2w8USvEsJ8PahbBWQ==",
        "dependencies": {
          "Microsoft.Extensions.Http": "10.0.9",
          "Microsoft.Extensions.Telemetry": "10.7.0"
        }
      },
      "Microsoft.Extensions.Logging": {
        "type": "Transitive",
        "resolved": "11.0.0-preview.5.26302.115",
        "contentHash": "kTJYGCZswdp7SWTnoEA51X//Z983ql2L+KW12GllaVxqWd8Y/8TVqheCBN3sjXt2aHSiQdxm7kpicGvPqqy04w==",
        "dependencies": {
          "Microsoft.Extensions.DependencyInjection": "11.0.0-preview.5.26302.115"
        }
      },
      "Microsoft.Extensions.Logging.Configuration": {
        "type": "Transitive",
        "resolved": "10.0.9",
        "contentHash": "bUth5ip7YsZMXWZS42IRTI0zDrPEqdE+xnsmcL0Pk784grWKApDvc5UoMi2tP2qYJ5ylFzeVDuDu08sFATq1bg==",
        "dependencies": {
          "Microsoft.Extensions.Configuration": "10.0.9",
          "Microsoft.Extensions.Configuration.Binder": "10.0.9",
          "Microsoft.Extensions.Logging": "10.0.9",
          "Microsoft.Extensions.Options.ConfigurationExtensions": "10.0.9"
        }
      },
      "Microsoft.Extensions.ObjectPool": {
        "type": "Transitive",
        "resolved": "10.0.9",
        "contentHash": "KZENCkfqO7Ciax6goUWQHDSxKH+x763hkBWMz9KpE87EyKW+EKEas9EFe9i1KgtQShG8KwKxaeJ5gd9sj6TuTQ=="
      },
      "Microsoft.Extensions.Options.ConfigurationExtensions": {
        "type": "Transitive",
        "resolved": "11.0.0-preview.5.26302.115",
        "contentHash": "cbCXUxc5waGVaNXeSSj3KVtrf7hRV0qhYuzUu5aSH5dsdtkEfbHuNpcn+zNr5SRt8INsiQTtSWkf3ds/qKTAdw==",
        "dependencies": {
          "Microsoft.Extensions.Configuration.Binder": "11.0.0-preview.5.26302.115"
        }
      },
      "Microsoft.Extensions.Resilience": {
        "type": "Transitive",
        "resolved": "10.7.0",
        "contentHash": "ldUrtRzWSnfe5945xoSxDXxoWXnIKn19E74Huieyp76XW/BjRk3bhkILSSib1NKdZ2lpi/ReTvOpNGcJ8hkOxw==",
        "dependencies": {
          "Microsoft.Extensions.Diagnostics": "10.0.9",
          "Microsoft.Extensions.Diagnostics.ExceptionSummarization": "10.7.0",
          "Microsoft.Extensions.Options.ConfigurationExtensions": "10.0.9",
          "Microsoft.Extensions.Telemetry.Abstractions": "10.7.0",
          "Polly.Extensions": "8.4.2",
          "Polly.RateLimiting": "8.4.2"
        }
      },
      "Microsoft.Extensions.ServiceDiscovery.Abstractions": {
        "type": "Transitive",
        "resolved": "10.7.0",
        "contentHash": "1a/tCYg7+5HdJRQ0BQDDGzANBaw/1fony7eNsMwQ5n9FZmO3K5JCls02o8fwQc296l0szNBwroLRtXf94OZw9A==",
        "dependencies": {
          "Microsoft.Extensions.Configuration.Binder": "10.0.9",
          "Microsoft.Extensions.Features": "10.0.9"
        }
      },
      "Microsoft.Extensions.Telemetry": {
        "type": "Transitive",
        "resolved": "10.7.0",
        "contentHash": "vZFNVvkz+7IABEv4klzPX/ZdmZQ6TrcReKUfeYIrQ2bbnvEcgZtG1RmOGeWkc1hFg8cq9sAgUc2lHCqlXSqf5A==",
        "dependencies": {
          "Microsoft.Extensions.AmbientMetadata.Application": "10.7.0",
          "Microsoft.Extensions.DependencyInjection.AutoActivation": "10.7.0",
          "Microsoft.Extensions.Logging.Configuration": "10.0.9",
          "Microsoft.Extensions.ObjectPool": "10.0.9",
          "Microsoft.Extensions.Telemetry.Abstractions": "10.7.0"
        }
      },
      "Microsoft.Extensions.Telemetry.Abstractions": {
        "type": "Transitive",
        "resolved": "10.7.0",
        "contentHash": "ir1QKShZzfEmqO9LUWESVMUDZdnxYBSKQyulYPMeaye531lAuT8YTotthx+htrrS8hZY52HANeqowLQyCYBCZg==",
        "dependencies": {
          "Microsoft.Extensions.Compliance.Abstractions": "10.7.0",
          "Microsoft.Extensions.ObjectPool": "10.0.9"
        }
      },
      "Microsoft.Extensions.Validation": {
        "type": "Transitive",
        "resolved": "11.0.0-preview.5.26302.115",
        "contentHash": "8miRlcb6G0ImSG4gnB7CiFKiXVncT3tHZN9GClHdaU5nrProENfnEvhz/ivI83swkD2IcOn2+2XVuRD2fcWf/w=="
      },
      "Microsoft.JSInterop": {
        "type": "Transitive",
        "resolved": "11.0.0-preview.5.26302.115",
        "contentHash": "QZ1xZZmcfctui0qdOCAEqMMeza7N/wsN6kOd8i7b/UW7UQvoqwufy0f/H2UCOCXp4ucEAQD6t8UIu89Nx6hBhA=="
      },
      "Microsoft.JSInterop.WebAssembly": {
        "type": "Transitive",
        "resolved": "11.0.0-preview.5.26302.115",
        "contentHash": "G8YrsGRKQkst8yXbHYdXov+SegKc6dCaFdHobRBcJ9rr2i1NQfnOP0aKBqA9q9yL9jeXNRReBkhByaqiaiY/8w==",
        "dependencies": {
          "Microsoft.JSInterop": "11.0.0-preview.5.26302.115"
        }
      },
      "OpenTelemetry": {
        "type": "Transitive",
        "resolved": "1.16.0",
        "contentHash": "nE/Px3MUvQC8c0UG0DOP5OJE7vMtiMaPYi/6TkSS/o/O0s/oPq+8WaPYTVEPzb7lwu/QyLgknc+sFm2FjPXe2A==",
        "dependencies": {
          "Microsoft.Extensions.Logging.Configuration": "10.0.0",
          "OpenTelemetry.Api.ProviderBuilderExtensions": "1.16.0"
        }
      },
      "OpenTelemetry.Api": {
        "type": "Transitive",
        "resolved": "1.16.0",
        "contentHash": "WZP8Eb6vZTeNqeV+fjBitc7iefBoTHIhaWorqg/h/YiQBlcQJu0bICuTqKV0XRyjiE0eWs80yLlnUtHAFSkFWA=="
      },
      "OpenTelemetry.Api.ProviderBuilderExtensions": {
        "type": "Transitive",
        "resolved": "1.16.0",
        "contentHash": "hZwaHAkXvUNn9+cS+vEvYBgIrIQOQRz2cIRUODZ5gxHsDsLeNCueLgZFkybopjE0jUhLut6lm5eL3LTqbW0hMg==",
        "dependencies": {
          "OpenTelemetry.Api": "1.16.0"
        }
      },
      "Polly.Core": {
        "type": "Transitive",
        "resolved": "8.4.2",
        "contentHash": "BpE2I6HBYYA5tF0Vn4eoQOGYTYIK1BlF5EXVgkWGn3mqUUjbXAr13J6fZVbp7Q3epRR8yshacBMlsHMhpOiV3g=="
      },
      "Polly.Extensions": {
        "type": "Transitive",
        "resolved": "8.4.2",
        "contentHash": "GZ9vRVmR0jV2JtZavt+pGUsQ1O1cuRKG7R7VOZI6ZDy9y6RNPvRvXK1tuS4ffUrv8L0FTea59oEuQzgS0R7zSA==",
        "dependencies": {
          "Polly.Core": "8.4.2"
        }
      },
      "Polly.RateLimiting": {
        "type": "Transitive",
        "resolved": "8.4.2",
        "contentHash": "ehTImQ/eUyO07VYW2WvwSmU9rRH200SKJ/3jku9rOkyWE0A2JxNFmAVms8dSn49QLSjmjFRRSgfNyOgr/2PSmA==",
        "dependencies": {
          "Polly.Core": "8.4.2",
          "System.Threading.RateLimiting": "8.0.0"
        }
      },
      "StyleCop.Analyzers.Unstable": {
        "type": "Transitive",
        "resolved": "1.2.0.556",
        "contentHash": "zvn9Mqs/ox/83cpYPignI8hJEM2A93s2HkHs8HYMOAQW0PkampyoErAiIyKxgTLqbbad29HX/shv/6LGSjPJNQ=="
      },
      "System.Threading.RateLimiting": {
        "type": "Transitive",
        "resolved": "8.0.0",
        "contentHash": "7mu9v0QDv66ar3DpGSZHg9NuNcxDaaAcnMULuZlaTpP9+hwXhrxNGsF5GmLkSHxFdb5bBc1TzeujsRgTrPWi+Q=="
      }
    }
  }
}